Microsoft Visual Studio Solution File, Format Version 11.00
# Visual Studio 2008

Project("{657DC062-A5FD-E284-86C8-CD3391708CFB}") = "ARDemo2", "Assembly-CSharp.csproj", "{4F705AA8-B187-6D13-F50B-4246A4481E89}"
EndProject
Global
	GlobalSection(SolutionConfigurationPlatforms) = preSolution
		Debug|Any CPU = Debug|Any CPU
		Release|Any CPU = Release|Any CPU
	EndGlobalSection
	GlobalSection(ProjectConfigurationPlatforms) = postSolution
		{4F705AA8-B187-6D13-F50B-4246A4481E89}.Debug|Any CPU.ActiveCfg = Debug|Any CPU
		{4F705AA8-B187-6D13-F50B-4246A4481E89}.Debug|Any CPU.Build.0 = Debug|Any CPU
		{4F705AA8-B187-6D13-F50B-4246A4481E89}.Release|Any CPU.ActiveCfg = Release|Any CPU
		{4F705AA8-B187-6D13-F50B-4246A4481E89}.Release|Any CPU.Build.0 = Release|Any CPU
	EndGlobalSection
	GlobalSection(SolutionProperties) = preSolution
		HideSolutionNode = FALSE
	EndGlobalSection
	GlobalSection(MonoDevelopProperties) = preSolution
		StartupItem = Assembly-CSharp.csproj
	EndGlobalSection
EndGlobal
